# This file is autogenerated, do not edit; changes may be undone by the next 'dep ensure'.


[[projects]]
  branch = "master"
  name = "github.com/NebulousLabs/fastrand"
  packages = ["."]
  revision = "3cf7173006a0b7d2371fa1a220da7f9d48c7827c"

[[projects]]
  branch = "master"
  name = "github.com/NebulousLabs/go-upnp"
  packages = [".","goupnp","goupnp/dcps/internetgateway1","goupnp/httpu","goupnp/scpd","goupnp/soap","goupnp/ssdp"]
  revision = "29b680b06c82d044ebea91bf3069038eb562df2a"

[[projects]]
  branch = "master"
  name = "github.com/agl/ed25519"
  packages = [".","edwards25519","extra25519"]
  revision = "5312a61534124124185d41f09206b9fef1d88403"

[[projects]]
  branch = "master"
  name = "github.com/btcsuite/btcd"
  packages = ["btcec"]
  revision = "86fed781132ac890ee03e906e4ecd5d6fa180c64"

[[projects]]
  name = "github.com/gogo/protobuf"
  packages = ["proto"]
  revision = "1adfc126b41513cc696b209667c8656ea7aac67c"
  version = "v1.0.0"

[[projects]]
  name = "github.com/golang/protobuf"
  packages = ["proto"]
  revision = "b4deda0973fb4c70b50d226b1af49f3da59f5265"
  version = "v1.1.0"

[[projects]]
  branch = "master"
  name = "github.com/gxed/hashland"
  packages = ["keccakpg"]
  revision = "d9f6b97f8db22dd1e090fd0bbbe98f09cc7dd0a8"

[[projects]]
  branch = "master"
  name = "github.com/ipfs/go-log"
  packages = [".","tracer","tracer/wire","writer"]
  revision = "5dc2060baaf8db344f31dafd852340b93811d03f"

[[projects]]
  branch = "gopherjs-compat"
  name = "github.com/libp2p/go-libp2p-crypto"
  packages = [".","pb"]
  revision = "0b460ad603fa24e5283bfb22b75db45aced3a239"
  source = "https://github.com/paralin/go-libp2p-crypto.git"

[[projects]]
  branch = "master"
  name = "github.com/libp2p/go-libp2p-peer"
  packages = [".","test"]
  revision = "e8858116ad7f0a54dfc2bb6af554f2024221d19c"

[[projects]]
  name = "github.com/mattn/go-colorable"
  packages = ["."]
  revision = "167de6bfdfba052fa6b2d3664c8f5272e23c9072"
  version = "v0.0.9"

[[projects]]
  name = "github.com/mattn/go-isatty"
  packages = ["."]
  revision = "0360b2af4f38e8d38c7fce2a9f4e702702d73a39"
  version = "v0.0.3"

[[projects]]
  branch = "master"
  name = "github.com/minio/blake2b-simd"
  packages = ["."]
  revision = "3f5f724cb5b182a5c278d6d3d55b40e7f8c2efb4"

[[projects]]
  branch = "master"
  name = "github.com/mr-tron/base58"
  packages = ["base58"]
  revision = "c1bdf7c52f59d6685ca597b9955a443ff95eeee6"

[[projects]]
  branch = "master"
  name = "github.com/multiformats/go-multiaddr"
  packages = ["."]
  revision = "84fb105635d33c95b41a9385064329b663f6f56f"

[[projects]]
  branch = "master"
  name = "github.com/multiformats/go-multiaddr-net"
  packages = ["."]
  revision = "8792ba0a888d6a2415cfa765e4d06d897eaeb19a"

[[projects]]
  branch = "gopherjs-compat"
  name = "github.com/multiformats/go-multihash"
  packages = ["."]
  revision = "6e56a153b416fd34b393cc0d412fd623012fe487"
  source = "https://github.com/paralin/go-multihash.git"

[[projects]]
  name = "github.com/opentracing/opentracing-go"
  packages = [".","ext","log"]
  revision = "1949ddbfd147afd4d964a9f00b24eb291e0e7c38"
  version = "v1.0.2"

[[projects]]
  name = "github.com/pkg/errors"
  packages = ["."]
  revision = "645ef00459ed84a119197bfb8d8205042c6df63d"
  version = "v0.8.0"

[[projects]]
  branch = "gopherjs-compat"
  name = "github.com/sirupsen/logrus"
  packages = ["."]
  revision = "eed1c0f832603c63deae9d5ffa2c4a6e611ed31f"
  source = "https://github.com/paralin/logrus.git"

[[projects]]
  name = "github.com/spaolacci/murmur3"
  packages = ["."]
  revision = "9f5d223c60793748f04a9d5b4b4eacddfc1f755d"
  version = "v1.1"

[[projects]]
  branch = "master"
  name = "github.com/whyrusleeping/go-logging"
  packages = ["."]
  revision = "0457bb6b88fc1973573aaf6b5145d8d3ae972390"

[[projects]]
  branch = "master"
  name = "github.com/whyrusleeping/mafmt"
  packages = ["."]
  revision = "794419fbc8492a4d5b7ba38b58c2bb47d9e37eaa"

[[projects]]
  branch = "master"
  name = "golang.org/x/crypto"
  packages = ["blake2b","blake2s","curve25519","internal/subtle","nacl/box","nacl/secretbox","poly1305","salsa20/salsa","sha3","ssh/terminal"]
  revision = "7f39a6fea4fe9364fb61e1def6a268a51b4f3a06"

[[projects]]
  branch = "master"
  name = "golang.org/x/net"
  packages = ["context","html","html/atom","html/charset"]
  revision = "db08ff08e8622530d9ed3a0e8ac279f6d4c02196"

[[projects]]
  branch = "master"
  name = "golang.org/x/sys"
  packages = ["cpu","unix","windows"]
  revision = "ad87a3a340fa7f3bed189293fbfa7a9b7e021ae1"

[[projects]]
  name = "golang.org/x/text"
  packages = ["encoding","encoding/charmap","encoding/htmlindex","encoding/internal","encoding/internal/identifier","encoding/japanese","encoding/korean","encoding/simplifiedchinese","encoding/traditionalchinese","encoding/unicode","internal/gen","internal/tag","internal/utf8internal","language","runes","transform","unicode/cldr"]
  revision = "f21a4dfb5e38f5895301dc265a8def02365cc3d0"
  version = "v0.3.0"

[solve-meta]
  analyzer-name = "dep"
  analyzer-version = 1
  inputs-digest = "2dd2977a1f843df292c8ac71e81a473095dad9b22cd5e1f51d1782daa8e7ae66"
  solver-name = "gps-cdcl"
  solver-version = 1
