version = 1
revision = 3
requires-python = "==3.11.*"

[[package]]
name = "ast-serialize"
version = "0.8.0"
source = { registry = "https://pypi.org/simple" }
sdist = { url = "https://files.pythonhosted.org/packages/e1/a9/11851c3e02a3fea2ddc9932d1fdc7d2edaeecc0d2e11bc5f2a7fde2b0934/ast_serialize-0.8.0.tar.gz", hash = "sha256:6c37c43e4004dfb42d321ddedc569dc17ff4259296f3af577c9ea46a809bc010", size = 845638, upload-time = "2026-08-07T11:29:02.152Z" }
wheels = [
    { url = "https://files.pythonhosted.org/packages/4c/11/911210c3c78923273a9211a2b6cfc4c8aa723b30dab3e1c8d19afb983b40/ast_serialize-0.8.0-cp315-abi3.abi3t-macosx_10_12_x86_64.whl", hash = "sha256:86b8a1e6d90467345356098b040150e82fbc26d24a7a202224b13dc1f6264ca0", size = 1177715, upload-time = "2026-08-07T11:28:04.654Z" },
    { url = "https://files.pythonhosted.org/packages/77/89/6282881c8587606638db153cbe21e1e0c4d1f3970dee1aa0610a1c62a026/ast_serialize-0.8.0-cp315-abi3.abi3t-macosx_11_0_arm64.whl", hash = "sha256:39e92ff8e8cb45947fe9007174b2950e1fb098e6abd00266a13cd3bcf6675068", size = 1169347, upload-time = "2026-08-07T11:28:06.1Z" },
    { url = "https://files.pythonhosted.org/packages/97/78/a9f846a03a340ff3728c915f23338ca742742f3292700559cdb3ad999b1e/ast_serialize-0.8.0-cp315-abi3.abi3t-manylinux_2_17_aarch64.manylinux2014_aarch64.whl", hash = "sha256:c85d8d18db5b2dfcb3b7e38a4d600ca35504c0ed8a6f75cd1c811e4ffe248a15", size = 1225916, upload-time = "2026-08-07T11:28:07.654Z" },
    { url = "https://files.pythonhosted.org/packages/c0/15/aba6ef8a988a6eceb6f0359589aac509e29ae2dba67fd9bfd5af0c3f13e7/ast_serialize-0.8.0-cp315-abi3.abi3t-manylinux_2_17_armv7l.manylinux2014_armv7l.whl", hash = "sha256:9830ff7e764f74d9eefb01170c61a9f0fd2c027dac5fcb72e064decd57d56371", size = 1227135, upload-time = "2026-08-07T11:28:09.504Z" },
    { url = "https://files.pythonhosted.org/packages/94/29/3f63d696ea7c5b8abadcecc3505be51bd900daaccc522ed8322fa5b05a93/ast_serialize-0.8.0-cp315-abi3.abi3t-manylinux_2_17_ppc64le.manylinux2014_ppc64le.whl", hash = "sha256:6479d9722a4cd21b578f5478074c41e6169f04811996ec881655560f703a5bba", size = 1425040, upload-time = "2026-08-07T11:28:11.044Z" },
    { url = "https://files.pythonhosted.org/packages/e2/5d/0aac338604ff59df5774d4304307898982252f325ff7cafe31d52fedcb65/ast_serialize-0.8.0-cp315-abi3.abi3t-manylinux_2_17_s390x.manylinux2014_s390x.whl", hash = "sha256:a63bed264e818cd83eec11feed0f50aa162542b91132ef58afebc857182763a5", size = 1246278, upload-time = "2026-08-07T11:28:12.519Z" },
    { url = "https://files.pythonhosted.org/packages/23/ca/9f1ef795bb724719532bd86dbec11e5b66857d3fbe9b6772baec0191a6ed/ast_serialize-0.8.0-cp315-abi3.abi3t-manylinux_2_17_x86_64.manylinux2014_x86_64.whl", hash = "sha256:9d187197d234aa45d6cfa2b096be5f666e8cc2e7eb3722d0ab8926293cf5720c", size = 1250029, upload-time = "2026-08-07T11:28:13.896Z" },
    { url = "https://files.pythonhosted.org/packages/dc/25/5e061372d2ed953b9ba3b9c4f73de3b8e9234cda3f6c088db4686801d0e1/ast_serialize-0.8.0-cp315-abi3.abi3t-manylinux_2_31_riscv64.whl", hash = "sha256:2d39a56282cfcc0d8eeea37267c754be59c98d48505c23b1dae5c6011f3813dd", size = 1243575, upload-time = "2026-08-07T11:28:15.37Z" },
    { url = "https://files.pythonhosted.org/packages/a8/c1/ae7da218053120635a4ca802366c69f707203641af95372eeb83f70dfd52/ast_serialize-0.8.0-cp315-abi3.abi3t-manylinux_2_5_i686.manylinux1_i686.whl", hash = "sha256:f7cc5f10386994c0f4844f1e6d6a97127e9b478660eb6dec2b257644f0acab64", size = 1294396, upload-time = "2026-08-07T11:28:16.813Z" },
    { url = "https://files.pythonhosted.org/packages/2e/89/271d1f49c5269fcddcc789ea3f25be401f6723fc1138aeda539f4d05516d/ast_serialize-0.8.0-cp315-abi3.abi3t-musllinux_1_2_aarch64.whl", hash = "sha256:6102f2f985c2e542be85cd857678ec9356fefa792b93cadfadd31139f5696f27", size = 1401987, upload-time = "2026-08-07T11:28:18.333Z" },
    { url = "https://files.pythonhosted.org/packages/55/be/4e7d77fcf571ac7cb5cf7115a20c36642bd7d29473b45dfaaefeb9618f90/ast_serialize-0.8.0-cp315-abi3.abi3t-musllinux_1_2_armv7l.whl", hash = "sha256:3a8660fe66667b76a6e9dccd1d33e66b229fde3b308db991c041609226c005b6", size = 1502904, upload-time = "2026-08-07T11:28:20.039Z" },
    { url = "https://files.pythonhosted.org/packages/8b/ae/ed1de2db7e019d4236fbc164ffa5ef9a6022a300a342bbf142d21b7c141e/ast_serialize-0.8.0-cp315-abi3.abi3t-musllinux_1_2_i686.whl", hash = "sha256:e7266307e5fba39836edb79def8608887af48820508bff3c5f2941e1e04d1534", size = 1496967, upload-time = "2026-08-07T11:28:21.734Z" },
    { url = "https://files.pythonhosted.org/packages/92/89/5fea507fae5c5f18b7dc7f95e5c00956574b8c717b8fd2049c504fab0b18/ast_serialize-0.8.0-cp315-abi3.abi3t-musllinux_1_2_ppc64le.whl", hash = "sha256:4ca7e6fd1ad845d1cc649dc2ecd499db2f8f46af5bf8da7b70dd858774cc038b", size = 1559041, upload-time = "2026-08-07T11:28:23.194Z" },
    { url = "https://files.pythonhosted.org/packages/42/71/478d69df21b64e064554a68134c94be304270316ca676a94e63c389a636a/ast_serialize-0.8.0-cp315-abi3.abi3t-musllinux_1_2_riscv64.whl", hash = "sha256:2880350b13d3eae69a0d70bc1fb6c9bfaca4dbd0e20ba8cd1aa483080b56ff06", size = 1417367, upload-time = "2026-08-07T11:28:24.601Z" },
    { url = "https://files.pythonhosted.org/packages/5e/2d/8962dc8d5b3a9dc27b36f9db199afa25264c741505469d9ec10ffbfd2ba7/ast_serialize-0.8.0-cp315-abi3.abi3t-musllinux_1_2_x86_64.whl", hash = "sha256:ab0f9a59f7d63d0d441b56b9a818b273705264352d5115cfee12e940e816d958", size = 1446178, upload-time = "2026-08-07T11:28:26.152Z" },
    { url = "https://files.pythonhosted.org/packages/4f/22/14d2ad4fd1d1bcd0dc687ca268e0630069f45162496260c0efb70ee0ea72/ast_serialize-0.8.0-cp315-abi3.abi3t-win32.whl", hash = "sha256:0485a25ef519c62e749ee3c1ad8070e591b380d67226349eb5a70b228dc1ac4a", size = 1063811, upload-time = "2026-08-07T11:28:27.864Z" },
    { url = "https://files.pythonhosted.org/packages/18/1d/84a327c0202a41aa5fdba3ade33904d6d8f3b9e6806fa83568d835395850/ast_serialize-0.8.0-cp315-abi3.abi3t-win_amd64.whl", hash = "sha256:bd84d60bca7079e741be4ac5dbe237751a59d7f6f9f0126b11880d63822cbe16", size = 1105518, upload-time = "2026-08-07T11:28:29.691Z" },
    { url = "https://files.pythonhosted.org/packages/8c/92/74556dec52fde85a2ad84ed159991b916241043788609c15d8b77e14570b/ast_serialize-0.8.0-cp315-abi3.abi3t-win_arm64.whl", hash = "sha256:057769b5921336eb2d9124f2a731b42ed05ffdac559b840dbdf6f3937cf153dc", size = 1076319, upload-time = "2026-08-07T11:28:31.282Z" },
    { url = "https://files.pythonhosted.org/packages/d9/e3/6142e920fec6ef7bccabd8c24ed8ed99f8bdc6cb8b065e1df7c6a3b2d667/ast_serialize-0.8.0-cp39-abi3-macosx_10_12_x86_64.whl", hash = "sha256:e1bd223df0f6c96b396975fa604cb33bce53d9b4a0185490be4c4a289f7c9c87", size = 1184007, upload-time = "2026-08-07T11:28:34.654Z" },
    { url = "https://files.pythonhosted.org/packages/a6/e9/6e8be8df02b35d85e2b8809f7f1cfa290bdf5882b55127a539d049482db0/ast_serialize-0.8.0-cp39-abi3-macosx_11_0_arm64.whl", hash = "sha256:ddd3b61f45c132da66c5476b281891e08c1fd87fbdabe8a6973e1622efc85f06", size = 1177588, upload-time = "2026-08-07T11:28:36.318Z" },
    { url = "https://files.pythonhosted.org/packages/8c/80/7e0fd2e2e2aba257820db4a8657c4c356844d36b914b20a4af294bcfb902/ast_serialize-0.8.0-cp39-abi3-manylinux_2_17_aarch64.manylinux2014_aarch64.whl", hash = "sha256:1f9caa63fad8241257ae401b5ff0a64026c6adb36b8e86cbe8782d9ea505daf6", size = 1234575, upload-time = "2026-08-07T11:28:37.772Z" },
    { url = "https://files.pythonhosted.org/packages/b0/6a/3bae0af06f9b1bae3001c44d64215f5b567877e7aae9ffd45db11c3a7647/ast_serialize-0.8.0-cp39-abi3-manylinux_2_17_armv7l.manylinux2014_armv7l.whl", hash = "sha256:3926fa117b5e65019853a2969966d11c7175af377a3425991f3fe73784412405", size = 1236015, upload-time = "2026-08-07T11:28:39.14Z" },
    { url = "https://files.pythonhosted.org/packages/6f/c4/ce2d41a1bc22508e82618901f7e10f2a5e2f9556553fea90624daf9875e2/ast_serialize-0.8.0-cp39-abi3-manylinux_2_17_ppc64le.manylinux2014_ppc64le.whl", hash = "sha256:485f1113af805e9e170b95ef993ca3fbd4f89c04bab25c58b4fc632d854801ab", size = 1432808, upload-time = "2026-08-07T11:28:40.664Z" },
    { url = "https://files.pythonhosted.org/packages/1a/90/f5058f209756dd70e958b7538aaa82d25d24944baf9ec8ae6f27b06fcacc/ast_serialize-0.8.0-cp39-abi3-manylinux_2_17_s390x.manylinux2014_s390x.whl", hash = "sha256:3ccebbed24f1281062d5852353c72c47502955926cfcb8345ffb3a44d87ff3d3", size = 1256251, upload-time = "2026-08-07T11:28:42.223Z" },
    { url = "https://files.pythonhosted.org/packages/bf/32/7f77ea87fa0836daab706ed5cb7f903bb25fa26a77439011aee626af11d8/ast_serialize-0.8.0-cp39-abi3-manylinux_2_17_x86_64.manylinux2014_x86_64.whl", hash = "sha256:252f883290d1cdb728eb7fe1d9a7221b88af5a329aae0bc91ddee4dafb820331", size = 1258574, upload-time = "2026-08-07T11:28:43.751Z" },
    { url = "https://files.pythonhosted.org/packages/eb/5a/75b82ad2725b5e8e8c742732f9e76c6738a292d0709e1f60d10a973730b4/ast_serialize-0.8.0-cp39-abi3-manylinux_2_31_riscv64.whl", hash = "sha256:96abc072ad29db8d02194afd47d68987322622787daceae82398d7b69f3ba2e6", size = 1254075, upload-time = "2026-08-07T11:28:45.28Z" },
    { url = "https://files.pythonhosted.org/packages/4e/54/8c20ed4eea805516a3fd23dd4a721ce28c64f50f0e4b359969f60a8c97a6/ast_serialize-0.8.0-cp39-abi3-manylinux_2_5_i686.manylinux1_i686.whl", hash = "sha256:9118ad3e369727060b2696fc4078f250ecffca4248ba87f537f55cea9f9dce06", size = 1301018, upload-time = "2026-08-07T11:28:46.851Z" },
    { url = "https://files.pythonhosted.org/packages/cb/5b/9f14430f12fe830b656fb38f8e2e05ee13b02a88967660bef46af0ab22a8/ast_serialize-0.8.0-cp39-abi3-musllinux_1_2_aarch64.whl", hash = "sha256:f359df4bd921918af8bebd142a376c77511d7151cc8ba852760b587b5a4a54f3", size = 1409951, upload-time = "2026-08-07T11:28:48.312Z" },
    { url = "https://files.pythonhosted.org/packages/2d/3d/084882eca93c842bd4262591a071ec7f825340644035e51501208cc5a8d4/ast_serialize-0.8.0-cp39-abi3-musllinux_1_2_armv7l.whl", hash = "sha256:e94f9121d13fa36cbf21314783c77d05ae3a0868decd18cf5233fdcc6de49ac8", size = 1509544, upload-time = "2026-08-07T11:28:49.847Z" },
    { url = "https://files.pythonhosted.org/packages/ce/73/ea84852096c2036c61cc0b2f97b90242207419f534dc671060ee1c8e05cb/ast_serialize-0.8.0-cp39-abi3-musllinux_1_2_i686.whl", hash = "sha256:54f95b486018d262bcb387a9afd96f0da74508b442762b80c769454a6fbb3ee3", size = 1505671, upload-time = "2026-08-07T11:28:51.239Z" },
    { url = "https://files.pythonhosted.org/packages/cb/88/287b9a5300c1f2f651d259f670931b63110adc265b7613c885b44c5bc53d/ast_serialize-0.8.0-cp39-abi3-musllinux_1_2_ppc64le.whl", hash = "sha256:4c38b915511e32bc718c49dbce98ff9af36bac0ad6a604f58000cd5e3aecdba7", size = 1563685, upload-time = "2026-08-07T11:28:53.112Z" },
    { url = "https://files.pythonhosted.org/packages/ee/f3/1bc3a79afcf0c2a8d2c37182d0d659d1545a9d7f7f6dc9cf3e63d6c17135/ast_serialize-0.8.0-cp39-abi3-musllinux_1_2_riscv64.whl", hash = "sha256:9a2ef9cf12f2de4f1028c42c1dd7d775255e0fb3e5bb48896c97e35ef52366fe", size = 1427977, upload-time = "2026-08-07T11:28:54.418Z" },
    { url = "https://files.pythonhosted.org/packages/5c/cd/440c798957e14e31776bfeb024d8fafe0bb1d5b89c51c2f067e69938f7b0/ast_serialize-0.8.0-cp39-abi3-musllinux_1_2_x86_64.whl", hash = "sha256:6f18048fe9f6dd266bd577cdec48bdcecb74faaa01fe941324435483b013ed2a", size = 1454335, upload-time = "2026-08-07T11:28:55.968Z" },
    { url = "https://files.pythonhosted.org/packages/4f/4a/587eb36dcc240a54c8660f599464516b469ecad96f0dbdb6bccbedb50745/ast_serialize-0.8.0-cp39-abi3-win32.whl", hash = "sha256:31883542dd6c94d178f5db3d32fbd69c5eb88b3a7c018e7ac8cc0c45195ddbed", size = 1068858, upload-time = "2026-08-07T11:28:57.541Z" },
    { url = "https://files.pythonhosted.org/packages/5f/a4/3e887bbd92164e183cb6e412c6a3e9198ddd446d7fe405958293ef5ef49c/ast_serialize-0.8.0-cp39-abi3-win_amd64.whl", hash = "sha256:861794565b06337005c1447ef23103a3d5a627d08bdc827870d00d0b28ef5f51", size = 1111839, upload-time = "2026-08-07T11:28:59Z" },
    { url = "https://files.pythonhosted.org/packages/25/6c/b400476d3ceba681ab929787edc9554f6d88fcc69435eb681b00fc0457a5/ast_serialize-0.8.0-cp39-abi3-win_arm64.whl", hash = "sha256:b2a5978662fd4db463dfb4b974d2b10ac6430b98f5333aabc7051909df3561d0", size = 1083655, upload-time = "2026-08-07T11:29:00.349Z" },
]

[[package]]
name = "librt"
version = "0.15.0"
source = { registry = "https://pypi.org/simple" }
sdist = { url = "https://files.pythonhosted.org/packages/36/9b/356320fbae2ac8467e21c5e73e1389c80468e4998c62cc7d3536cc51b614/librt-0.15.0.tar.gz", hash = "sha256:4e66cbe84437497d951b799d3e1551291b6fb3d643820a7014b3655d57a59162", size = 214338, upload-time = "2026-08-07T10:49:42.663Z" }
wheels = [
    { url = "https://files.pythonhosted.org/packages/59/52/06790ced2ac7117f890c21bda43c39c958ec82aa665c0718e821d33ff939/librt-0.15.0-cp311-cp311-macosx_10_9_x86_64.whl", hash = "sha256:823b92cf3c18ecd08afc70c42473888b41b6e8ef5046f3b82c05c154a2fa3d22", size = 148039, upload-time = "2026-08-07T10:46:41.165Z" },
    { url = "https://files.pythonhosted.org/packages/e7/1d/8e150b7fc449a1f33c8a760965cc1f43b14fc1577d9d0b50ab2701420e74/librt-0.15.0-cp311-cp311-macosx_11_0_arm64.whl", hash = "sha256:c70bc1b602cf59917e8f0c7a2cbc8bcc6fbc14d5486136b00707a79619121d63", size = 153067, upload-time = "2026-08-07T10:46:42.418Z" },
    { url = "https://files.pythonhosted.org/packages/51/87/a162bc5a66a35599dc619ecb215145f4de7d68e886b479b6d12593139f7c/librt-0.15.0-cp311-cp311-manylinux2014_aarch64.manylinux_2_17_aarch64.manylinux_2_28_aarch64.whl", hash = "sha256:814ff83a25b5fce8b9c80c4dd803153fb5c5599fc74db9e022466938368957ef", size = 493087, upload-time = "2026-08-07T10:46:43.657Z" },
    { url = "https://files.pythonhosted.org/packages/e5/3a/aeea1fc620cf48060d3065b37614edbf97043c099d0f50782bc8ca61d897/librt-0.15.0-cp311-cp311-manylinux2014_i686.manylinux_2_17_i686.manylinux_2_28_i686.whl", hash = "sha256:57f5eeb6ad4c180de583b1038e61fe5fbd9796bb69a8a1c1a0c7ddbec4c8c60f", size = 485608, upload-time = "2026-08-07T10:46:45.038Z" },
    { url = "https://files.pythonhosted.org/packages/52/ff/fe571ad416f0856fd0d5578ffc2e6dc531891e586e36b647bcf50569cab8/librt-0.15.0-cp311-cp311-manylinux2014_ppc64le.manylinux_2_17_ppc64le.manylinux_2_28_ppc64le.whl", hash = "sha256:82909c8f7eb9952656b65d3147afde4cf8e6d5a991eebc86418b5e65843b0ab8", size = 498723, upload-time = "2026-08-07T10:46:46.35Z" },
    { url = "https://files.pythonhosted.org/packages/0f/e1/7a65eb5dedb1f00aebd948cdd8e17add48bf066cab3514e9daf84ab45a6c/librt-0.15.0-cp311-cp311-manylinux2014_x86_64.manylinux_2_17_x86_64.manylinux_2_28_x86_64.whl", hash = "sha256:f779070399f991400fc451719e0ea388eb7de313388bada2c127a35de05f798a", size = 516002, upload-time = "2026-08-07T10:46:47.599Z" },
    { url = "https://files.pythonhosted.org/packages/5f/45/59832b0ebfbd08c2742e6ece372ceb53f18bf1faef5d33c8daf3abebf749/librt-0.15.0-cp311-cp311-manylinux_2_34_riscv64.manylinux_2_39_riscv64.whl", hash = "sha256:bac89069bc496ebdf4f79ebb57bbd10d0b214c8454225deb672d91002bd17e18", size = 508607, upload-time = "2026-08-07T10:46:48.873Z" },
    { url = "https://files.pythonhosted.org/packages/ea/0d/37fa73f3b43ebd8259f91ae9102a15e5a54e65d581e48dea72df3e81d7a4/librt-0.15.0-cp311-cp311-musllinux_1_2_aarch64.whl", hash = "sha256:e0d00c708fb2f5822b152429b1ac80a58dbbbc3f6c232c4d13a3f7fcf2ea5b4c", size = 530422, upload-time = "2026-08-07T10:46:50.45Z" },
    { url = "https://files.pythonhosted.org/packages/26/02/e046c6fe7a5881ac34623242192f484426ba8a75595fd18f22c53a3f530f/librt-0.15.0-cp311-cp311-musllinux_1_2_i686.whl", hash = "sha256:6c6624fe268625869485553dd7cc1daf30d22558215bb2a4ff16f67a9801a31a", size = 534303, upload-time = "2026-08-07T10:46:51.693Z" },
    { url = "https://files.pythonhosted.org/packages/95/32/d5e6d861ab0366f3edf74f887ab0c9eb9f535aaf01d32b80b4f734daa179/librt-0.15.0-cp311-cp311-musllinux_1_2_ppc64le.whl", hash = "sha256:f56b397858a23dacf35ede366ed2212fdc03a6a57a1ad36468ad6e9dc5fac091", size = 536084, upload-time = "2026-08-07T10:46:52.951Z" },
    { url = "https://files.pythonhosted.org/packages/2a/de/d69d725513fe53fc90c6d7a1f86e4428939bad2fb905b17fe4c18d413dde/librt-0.15.0-cp311-cp311-musllinux_1_2_riscv64.whl", hash = "sha256:4388184646efe2054911c5b00a1077d6d1ee86a95b7e8ba96dc7850a809f3f40", size = 514307, upload-time = "2026-08-07T10:46:54.194Z" },
    { url = "https://files.pythonhosted.org/packages/36/93/f8aded0d6682b4f25820fa86e0690f87f01df9fd7bd09ddb04d9167ad021/librt-0.15.0-cp311-cp311-musllinux_1_2_x86_64.whl", hash = "sha256:97335f59082f9fe2ce6c2a9cc6433a0114bbb6cd4d5c09dd76c95c68b9f9a8b0", size = 557686, upload-time = "2026-08-07T10:46:55.443Z" },
    { url = "https://files.pythonhosted.org/packages/74/09/ffeb6bdeb6cd862b4272fddc8ad05f938dd25d020ed517e631813917d80a/librt-0.15.0-cp311-cp311-win32.whl", hash = "sha256:83380ffde38062a2e9bb55d83e74474f6614665528b98a6928720fc006dfffbb", size = 104917, upload-time = "2026-08-07T10:46:56.605Z" },
    { url = "https://files.pythonhosted.org/packages/96/28/7e2313a3ffbf0b4de7ba3da58a09e488507b4bd1ea2b5e69378354a23415/librt-0.15.0-cp311-cp311-win_amd64.whl", hash = "sha256:f75720477ee05d509a310e856cacc8d909adc182f7b91193c207bcc26d7ee6db", size = 125886, upload-time = "2026-08-07T10:46:57.729Z" },
    { url = "https://files.pythonhosted.org/packages/39/9e/04b8c3cde014ef255ee785730425268354543acc38902093a40afa0dc164/librt-0.15.0-cp311-cp311-win_arm64.whl", hash = "sha256:256237037a3ab001ae8d9803b2d43562a4c3aa38739843694349e4d5ebb0fd56", size = 111885, upload-time = "2026-08-07T10:46:58.787Z" },
]

[[package]]
name = "mypy"
version = "2.3.1"
source = { registry = "https://pypi.org/simple" }
dependencies = [
    { name = "ast-serialize" },
    { name = "librt", marker = "platform_python_implementation != 'PyPy'" },
    { name = "mypy-extensions" },
    { name = "pathspec" },
    { name = "typing-extensions" },
]
sdist = { url = "https://files.pythonhosted.org/packages/82/6a/878cc1097d4035f82bd516658d0c528d2a9955bc7b363afcbd0b07fea11b/mypy-2.3.1.tar.gz", hash = "sha256:47c1b1207258513a9d93495f69c8be9de73916186f0e52703e8c461b7a623419", size = 3992554, upload-time = "2026-08-15T03:03:38.549Z" }
wheels = [
    { url = "https://files.pythonhosted.org/packages/a4/be/c624d4241484f37dc62839e177ab607a9b8b3e96f0866544ca99e8e41d51/mypy-2.3.1-cp311-cp311-macosx_11_0_arm64.whl", hash = "sha256:94f04929f1c44c35fb0061e912087edaf504acede963a4a7d00680bd089d8531", size = 13936739, upload-time = "2026-08-15T03:03:26.475Z" },
    { url = "https://files.pythonhosted.org/packages/53/84/e3cf72f90dce5960871c82551c8fba6da05fc1018f79be41c047bd126bdd/mypy-2.3.1-cp311-cp311-manylinux2014_aarch64.manylinux_2_17_aarch64.manylinux_2_28_aarch64.whl", hash = "sha256:f5d716048611e85ca9eefb2e1baa5d73ede389b5820ded260ea27c757d667af8", size = 14166460, upload-time = "2026-08-15T03:01:50.565Z" },
    { url = "https://files.pythonhosted.org/packages/4a/ff/6b97d58aa0f79a5ab9b472db1f6d6df1b11a51d74d0c08ab3760d3a613ba/mypy-2.3.1-cp311-cp311-manylinux2014_x86_64.manylinux_2_17_x86_64.manylinux_2_28_x86_64.whl", hash = "sha256:b091a455111214cb5c9d54a57b9618e9a49f9fe2a42e4e1ac86e9d104ed96ce8", size = 15100476, upload-time = "2026-08-15T03:03:12.079Z" },
    { url = "https://files.pythonhosted.org/packages/da/f0/cbb4b7d2ae3ac635f6b4f2d9b04070b8a92edf50da599d3b39e5ed109001/mypy-2.3.1-cp311-cp311-musllinux_1_2_x86_64.whl", hash = "sha256:df12e20c9efd614738c71b390007ecd0181125afc4ccafca04d78a1d2eed2c01", size = 15347826, upload-time = "2026-08-15T03:03:02.856Z" },
    { url = "https://files.pythonhosted.org/packages/5f/10/91dcdc6f8d43fc08e6a06ab1f9732f3abaaf835ac1b2e67b9dff56910855/mypy-2.3.1-cp311-cp311-win_amd64.whl", hash = "sha256:52eaf3a155f35cf80b40220288c861eb45f14a2340c1f6cbfbdb0feff32879d1", size = 11142615, upload-time = "2026-08-15T03:03:36.316Z" },
    { url = "https://files.pythonhosted.org/packages/3d/8a/28d54535bf4b9aa43b2d8918c2ef660378b9f66b23d78dcee052744ae622/mypy-2.3.1-cp311-cp311-win_arm64.whl", hash = "sha256:9b4eacbee8a69836c06eff6d0dd4e134a07c2b047755b30c08625fe214f322c6", size = 10141145, upload-time = "2026-08-15T03:03:07.406Z" },
    { url = "https://files.pythonhosted.org/packages/8e/41/9675c7a1e78edecfba0b79e587a52594c56e189368261dc7b3a7fffb9527/mypy-2.3.1-py3-none-any.whl", hash = "sha256:6ed5c7e3419083268e5c9258bd1c1ef91af44a9e89374dbcaf37b775716e72eb", size = 2754338, upload-time = "2026-08-15T03:02:53.4Z" },
]

[[package]]
name = "mypy-extensions"
version = "1.1.0"
source = { registry = "https://pypi.org/simple" }
sdist = { url = "https://files.pythonhosted.org/packages/a2/6e/371856a3fb9d31ca8dac321cda606860fa4548858c0cc45d9d1d4ca2628b/mypy_extensions-1.1.0.tar.gz", hash = "sha256:52e68efc3284861e772bbcd66823fde5ae21fd2fdb51c62a211403730b916558", size = 6343, upload-time = "2025-04-22T14:54:24.164Z" }
wheels = [
    { url = "https://files.pythonhosted.org/packages/79/7b/2c79738432f5c924bef5071f933bcc9efd0473bac3b4aa584a6f7c1c8df8/mypy_extensions-1.1.0-py3-none-any.whl", hash = "sha256:1be4cccdb0f2482337c4743e60421de3a356cd97508abadd57d47403e94f5505", size = 4963, upload-time = "2025-04-22T14:54:22.983Z" },
]

[[package]]
name = "pathspec"
version = "1.1.1"
source = { registry = "https://pypi.org/simple" }
sdist = { url = "https://files.pythonhosted.org/packages/5a/82/42f767fc1c1143d6fd36efb827202a2d997a375e160a71eb2888a925aac1/pathspec-1.1.1.tar.gz", hash = "sha256:17db5ecd524104a120e173814c90367a96a98d07c45b2e10c2f3919fff91bf5a", size = 135180, upload-time = "2026-04-27T01:46:08.907Z" }
wheels = [
    { url = "https://files.pythonhosted.org/packages/f1/d9/7fb5aa316bc299258e68c73ba3bddbc499654a07f151cba08f6153988714/pathspec-1.1.1-py3-none-any.whl", hash = "sha256:a00ce642f577bf7f473932318056212bc4f8bfdf53128c78bbd5af0b9b20b189", size = 57328, upload-time = "2026-04-27T01:46:07.06Z" },
]

[[package]]
name = "protobuf"
version = "6.33.5"
source = { registry = "https://pypi.org/simple" }
sdist = { url = "https://files.pythonhosted.org/packages/ba/25/7c72c307aafc96fa87062aa6291d9f7c94836e43214d43722e86037aac02/protobuf-6.33.5.tar.gz", hash = "sha256:6ddcac2a081f8b7b9642c09406bc6a4290128fce5f471cddd165960bb9119e5c", size = 444465, upload-time = "2026-01-29T21:51:33.494Z" }
wheels = [
    { url = "https://files.pythonhosted.org/packages/b1/79/af92d0a8369732b027e6d6084251dd8e782c685c72da161bd4a2e00fbabb/protobuf-6.33.5-cp310-abi3-win32.whl", hash = "sha256:d71b040839446bac0f4d162e758bea99c8251161dae9d0983a3b88dee345153b", size = 425769, upload-time = "2026-01-29T21:51:21.751Z" },
    { url = "https://files.pythonhosted.org/packages/55/75/bb9bc917d10e9ee13dee8607eb9ab963b7cf8be607c46e7862c748aa2af7/protobuf-6.33.5-cp310-abi3-win_amd64.whl", hash = "sha256:3093804752167bcab3998bec9f1048baae6e29505adaf1afd14a37bddede533c", size = 437118, upload-time = "2026-01-29T21:51:24.022Z" },
    { url = "https://files.pythonhosted.org/packages/a2/6b/e48dfc1191bc5b52950246275bf4089773e91cb5ba3592621723cdddca62/protobuf-6.33.5-cp39-abi3-macosx_10_9_universal2.whl", hash = "sha256:a5cb85982d95d906df1e2210e58f8e4f1e3cdc088e52c921a041f9c9a0386de5", size = 427766, upload-time = "2026-01-29T21:51:25.413Z" },
    { url = "https://files.pythonhosted.org/packages/4e/b1/c79468184310de09d75095ed1314b839eb2f72df71097db9d1404a1b2717/protobuf-6.33.5-cp39-abi3-manylinux2014_aarch64.whl", hash = "sha256:9b71e0281f36f179d00cbcb119cb19dec4d14a81393e5ea220f64b286173e190", size = 324638, upload-time = "2026-01-29T21:51:26.423Z" },
    { url = "https://files.pythonhosted.org/packages/c5/f5/65d838092fd01c44d16037953fd4c2cc851e783de9b8f02b27ec4ffd906f/protobuf-6.33.5-cp39-abi3-manylinux2014_s390x.whl", hash = "sha256:8afa18e1d6d20af15b417e728e9f60f3aa108ee76f23c3b2c07a2c3b546d3afd", size = 339411, upload-time = "2026-01-29T21:51:27.446Z" },
    { url = "https://files.pythonhosted.org/packages/9b/53/a9443aa3ca9ba8724fdfa02dd1887c1bcd8e89556b715cfbacca6b63dbec/protobuf-6.33.5-cp39-abi3-manylinux2014_x86_64.whl", hash = "sha256:cbf16ba3350fb7b889fca858fb215967792dc125b35c7976ca4818bee3521cf0", size = 323465, upload-time = "2026-01-29T21:51:28.925Z" },
    { url = "https://files.pythonhosted.org/packages/57/bf/2086963c69bdac3d7cff1cc7ff79b8ce5ea0bec6797a017e1be338a46248/protobuf-6.33.5-py3-none-any.whl", hash = "sha256:69915a973dd0f60f31a08b8318b73eab2bd6a392c79184b3612226b0a3f8ec02", size = 170687, upload-time = "2026-01-29T21:51:32.557Z" },
]

[[package]]
name = "ruff"
version = "0.16.2"
source = { registry = "https://pypi.org/simple" }
sdist = { url = "https://files.pythonhosted.org/packages/73/e1/4508a569211b35599016e84ba65c1a992b7a4004b4b6c4bea02a851cba1b/ruff-0.16.2.tar.gz", hash = "sha256:c3d7828d12e8927a6fc65fe38e2c2541b9e762d360a1786d752cb1b8883b3c9c", size = 4885811, upload-time = "2026-08-07T13:31:01.432Z" }
wheels = [
    { url = "https://files.pythonhosted.org/packages/14/57/db19951540f98859c956b50bdb4d31089b4d91e9f15e2968e7d5193806d5/ruff-0.16.2-py3-none-linux_armv6l.whl", hash = "sha256:3c8de4cf2181f01d57946d87d777aa52916976fc09942aed89938fab5e013318", size = 10847925, upload-time = "2026-08-07T13:30:14.468Z" },
    { url = "https://files.pythonhosted.org/packages/13/5a/995fe85a8470d3e391ac0f7fa8054bb454eaf33ee138196d6172ed1079c0/ruff-0.16.2-py3-none-macosx_10_12_x86_64.whl", hash = "sha256:9a48cc05c6fbc811ca81b5d7ba95375affea6582d1b8024e455e41afbbf55344", size = 11072662, upload-time = "2026-08-07T13:30:18.143Z" },
    { url = "https://files.pythonhosted.org/packages/32/53/370d767c61c71a971a4ace36703a7ecd8c393956349a7325d7fab2b56827/ruff-0.16.2-py3-none-macosx_11_0_arm64.whl", hash = "sha256:a2c0d14fcbb26c91f0f867a6dc9bd71bbc30b1b6151829c884f23faeab2e5700", size = 10566771, upload-time = "2026-08-07T13:30:20.899Z" },
    { url = "https://files.pythonhosted.org/packages/85/d6/9d96948caf5a632be62d62202d5ec914d6856f204fd79eb036e5915e79ea/ruff-0.16.2-py3-none-manylinux_2_17_aarch64.manylinux2014_aarch64.whl", hash = "sha256:335c621622c4650330be50842561c6586ac6971bb8ab5407fe34dcc9efb16bbe", size = 10975825, upload-time = "2026-08-07T13:30:23.517Z" },
    { url = "https://files.pythonhosted.org/packages/3b/92/ea87129b3414acb0b5770563779c51804d37ac67675c7ba35447ddb14773/ruff-0.16.2-py3-none-manylinux_2_17_armv7l.manylinux2014_armv7l.whl", hash = "sha256:20e66910f2c37cc753f9ef6580c914a621b80c4fa3549d3e3521e29d0f5bfc3f", size = 10649437, upload-time = "2026-08-07T13:30:26.097Z" },
    { url = "https://files.pythonhosted.org/packages/ac/43/f8f291dcd4af5bb7872b74fdfa41a7cd7c856ca1d4069670971cf1b9f5cb/ruff-0.16.2-py3-none-manylinux_2_17_i686.manylinux2014_i686.whl", hash = "sha256:c7e36fbfba65510548156902bcf1350a979a958ce0347ce0f90d73894036b39f", size = 11446761, upload-time = "2026-08-07T13:30:28.752Z" },
    { url = "https://files.pythonhosted.org/packages/71/4a/ef991fb2fcf516ab71f0808adcdd8da5e18c8cde447f4ceaf5f47a5132a5/ruff-0.16.2-py3-none-manylinux_2_17_ppc64le.manylinux2014_ppc64le.whl", hash = "sha256:f0eab35f80df8f134aae5d1630e751901321d317cc8e50dc39e36fa3ed34cd12", size = 12336364, upload-time = "2026-08-07T13:30:31.468Z" },
    { url = "https://files.pythonhosted.org/packages/f3/24/f615e74f307e6ca0e56a482872477b856c70d530aa356abfb6dfe5ca8a80/ruff-0.16.2-py3-none-manylinux_2_17_s390x.manylinux2014_s390x.whl", hash = "sha256:40ea8c0594feb894e89c8c61ab9c103d38b0ea72dfde6c594107147ca31b1140", size = 11630720, upload-time = "2026-08-07T13:30:34.426Z" },
    { url = "https://files.pythonhosted.org/packages/c5/d3/8ef50149e8412a77f7ab409efdef0e2b23803707a3863da4fc64cb23d459/ruff-0.16.2-py3-none-manylinux_2_17_x86_64.manylinux2014_x86_64.whl", hash = "sha256:ab3d62dde0b19facdd632008cc4827fc28ada7736c6bd35ab6f1050f0bfed53f", size = 11466130, upload-time = "2026-08-07T13:30:36.958Z" },
    { url = "https://files.pythonhosted.org/packages/dd/a7/a19334985c4dea8c381981fa252cd854c7ee52dc4b1686dc16f4a911c702/ruff-0.16.2-py3-none-manylinux_2_31_riscv64.whl", hash = "sha256:e43e1f5b8388da9eca1b9e88328d47a5cec794633ccf6f7484ac2dd15eee92c0", size = 11523634, upload-time = "2026-08-07T13:30:39.822Z" },
    { url = "https://files.pythonhosted.org/packages/6e/6c/96d192b0e742412ceda08c0a50f9669b253dde9fd6a60ea1a10c9fa79a63/ruff-0.16.2-py3-none-musllinux_1_2_aarch64.whl", hash = "sha256:c24788a980581e1d7ea3a0cbe4344c4fbeb0a6a9b1f4713aa46bb104f8294690", size = 10949807, upload-time = "2026-08-07T13:30:42.745Z" },
    { url = "https://files.pythonhosted.org/packages/fa/51/e26599ceca11e79ee255c7df515995561edf87e9ca1893284e44d98f5a86/ruff-0.16.2-py3-none-musllinux_1_2_armv7l.whl", hash = "sha256:81806b08329130005dd4a8a8394a0c9da8c6f4cafb16ba438d2a2ee6a18bedf1", size = 10646891, upload-time = "2026-08-07T13:30:45.522Z" },
    { url = "https://files.pythonhosted.org/packages/68/01/800c4b1f97bc8d7c6029e06b1f20473a3cf1e13c4933d8f3342add83fc55/ruff-0.16.2-py3-none-musllinux_1_2_i686.whl", hash = "sha256:4ce4e02bad779bef557f541a1b31f20d6abeae1cc05ed1b1ac019d4ffd1044c8", size = 11162063, upload-time = "2026-08-07T13:30:48.131Z" },
    { url = "https://files.pythonhosted.org/packages/e4/d0/1477ea50fc5a0d4b0b71d1d63d50770bdd794d90b43e37a7618e63ec9894/ruff-0.16.2-py3-none-musllinux_1_2_x86_64.whl", hash = "sha256:e0422abdf70070255fc4073ce9dfc814cc03db577013761ddd09bc1e4a9a4fbd", size = 11556038, upload-time = "2026-08-07T13:30:50.686Z" },
    { url = "https://files.pythonhosted.org/packages/b8/76/a7776f32048d991e16d4fa8ff91790b877342d3596cc3ed04acdbf1aaedc/ruff-0.16.2-py3-none-win32.whl", hash = "sha256:bf3a63d78fb39f4bf5ac8ae52051c5520505301abe19ba4e204c453b3f09bb0b", size = 10872850, upload-time = "2026-08-07T13:30:53.471Z" },
    { url = "https://files.pythonhosted.org/packages/00/0d/929c800d920e61397d82a01b60bffc68da3052c17d31de59efaad2e4ed75/ruff-0.16.2-py3-none-win_amd64.whl", hash = "sha256:bcabe2f6d0fc7819f1431793005af4e4de7371927d037345bf941252b195b9fa", size = 12023338, upload-time = "2026-08-07T13:30:56.193Z" },
    { url = "https://files.pythonhosted.org/packages/5b/6c/93e26c22c5f78ff87363e07da49c84955affbeb1098bd1936bf3b3f293bf/ruff-0.16.2-py3-none-win_arm64.whl", hash = "sha256:d614e95cedf38a2053fd351c55b103ba30d017d61688fdbfd40ee0412852a99f", size = 11374065, upload-time = "2026-08-07T13:30:58.775Z" },
]

[[package]]
name = "spacewave-resource"
version = "0.0.0"
source = { editable = "." }
dependencies = [
    { name = "starpc" },
]

[package.dev-dependencies]
dev = [
    { name = "mypy" },
    { name = "starpc-python-plugin" },
    { name = "types-protobuf" },
]

[package.metadata]
requires-dist = [{ name = "starpc", git = "https://github.com/aperturerobotics/starpc.git?rev=b78c815f1e13b4a2d8e7f602658d6c695fa26e53" }]

[package.metadata.requires-dev]
dev = [
    { name = "mypy", specifier = "==2.3.1" },
    { name = "starpc-python-plugin", git = "https://github.com/aperturerobotics/starpc.git?subdirectory=python%2Fplugin&rev=b78c815f1e13b4a2d8e7f602658d6c695fa26e53" },
    { name = "types-protobuf", specifier = "==7.35.1.20260906" },
]

[[package]]
name = "starpc"
version = "0.52.0"
source = { git = "https://github.com/aperturerobotics/starpc.git?rev=b78c815f1e13b4a2d8e7f602658d6c695fa26e53#b78c815f1e13b4a2d8e7f602658d6c695fa26e53" }
dependencies = [
    { name = "protobuf" },
]

[[package]]
name = "starpc-python-plugin"
version = "0.52.0"
source = { git = "https://github.com/aperturerobotics/starpc.git?subdirectory=python%2Fplugin&rev=b78c815f1e13b4a2d8e7f602658d6c695fa26e53#b78c815f1e13b4a2d8e7f602658d6c695fa26e53" }
dependencies = [
    { name = "protobuf" },
    { name = "ruff" },
]

[[package]]
name = "types-protobuf"
version = "7.35.1.20260906"
source = { registry = "https://pypi.org/simple" }
sdist = { url = "https://files.pythonhosted.org/packages/e1/6c/e3e5b3e10bc328126a39637c138f9ebfd734bf14342b9f3540039b4ab995/types_protobuf-7.35.1.20260906.tar.gz", hash = "sha256:efd1a3862d4c967dad5512ef8d56b1530ac84f182c41735b94004756518c4998", size = 69895, upload-time = "2026-09-06T06:35:28.308Z" }
wheels = [
    { url = "https://files.pythonhosted.org/packages/44/4e/f63e826c68f77ef875506d72f225918800346545ee99847bc28f3394f18d/types_protobuf-7.35.1.20260906-py3-none-any.whl", hash = "sha256:5155e48569e0dabff303fdf578db96cd31ea9a4a63b18018a4ceac6b0ae17462", size = 86419, upload-time = "2026-09-06T06:35:27.247Z" },
]

[[package]]
name = "typing-extensions"
version = "4.16.0"
source = { registry = "https://pypi.org/simple" }
sdist = { url = "https://files.pythonhosted.org/packages/f6/cc/6253133b5bb138fc3306cebfbda2c520f545d36b5be2c7255cc528bb45d6/typing_extensions-4.16.0.tar.gz", hash = "sha256:dc983d19a509c94dba722ee6abd33940f7c05a89e243c47e907eb4db6f1a43e5", size = 113555, upload-time = "2026-07-02T08:40:05.92Z" }
wheels = [
    { url = "https://files.pythonhosted.org/packages/49/d3/b8441a820a491ddfc024b0b0cf0393375b75ea13866d9c66727e54c2fc80/typing_extensions-4.16.0-py3-none-any.whl", hash = "sha256:481caa481374e813c1b176ada14e97f1f67a4539ce9cfeb3f350d78d6370c2e8", size = 45571, upload-time = "2026-07-02T08:40:04.659Z" },
]
